<?xml version="1.0" encoding="utf-8"?>
<Project ToolsVersion="4.0" xmlns="http://schemas.microsoft.com/developer/msbuild/2003">
  <ItemGroup>
    <Filter Include="Source Files">
      <UniqueIdentifier>{4FC737F1-C7A5-4376-A066-2A32D752A2FF}</UniqueIdentifier>
      <Extensions>cpp;c;cc;cxx;c++;cppm;ixx;def;odl;idl;hpj;bat;asm;asmx</Extensions>
    </Filter>
    <Filter Include="Header Files">
      <UniqueIdentifier>{93995380-89BD-4b04-88EB-625FBE52EBFB}</UniqueIdentifier>
      <Extensions>h;hh;hpp;hxx;h++;hm;inl;inc;ipp;xsd</Extensions>
    </Filter>
    <Filter Include="Resource Files">
      <UniqueIdentifier>{67DA6AB6-F800-4c08-8B7A-83BB121AAD01}</UniqueIdentifier>
      <Extensions>rc;ico;cur;bmp;dlg;rc2;rct;bin;rgs;gif;jpg;jpeg;jpe;resx;tiff;tif;png;wav;mfcribbon-ms</Extensions>
    </Filter>
    <Filter Include="graphics">
      <UniqueIdentifier>{0359c187-8041-4b2d-aff2-df7fd9b7d2d4}</UniqueIdentifier>
    </Filter>
    <Filter Include="sounds">
      <UniqueIdentifier>{63e82e4b-16a9-4559-8228-c44bb719e39d}</UniqueIdentifier>
    </Filter>
  </ItemGroup>
  <ItemGroup>
    <ClInclude Include="Animation.h">
      <Filter>Header Files</Filter>
    </ClInclude>
    <ClInclude Include="ColliderComponent.h">
      <Filter>Header Files</Filter>
    </ClInclude>
    <ClInclude Include="Control.h">
      <Filter>Header Files</Filter>
    </ClInclude>
    <ClInclude Include="GameEngine.h">
      <Filter>Header Files</Filter>
    </ClInclude>
    <ClInclude Include="GameObjectWall.h">
      <Filter>Header Files</Filter>
    </ClInclude>
    <ClInclude Include="GraphicsComponent.h">
      <Filter>Header Files</Filter>
    </ClInclude>
    <ClInclude Include="Input.h">
      <Filter>Header Files</Filter>
    </ClInclude>
    <ClInclude Include="Interfaces.h">
      <Filter>Header Files</Filter>
    </ClInclude>
    <ClInclude Include="Player.h">
      <Filter>Header Files</Filter>
    </ClInclude>
    <ClInclude Include="PlayerState.h">
      <Filter>Header Files</Filter>
    </ClInclude>
    <ClInclude Include="Scenery.h">
      <Filter>Header Files</Filter>
    </ClInclude>
    <ClInclude Include="TextureManager.h">
      <Filter>Header Files</Filter>
    </ClInclude>
    <ClInclude Include="Utility.h">
      <Filter>Header Files</Filter>
    </ClInclude>
    <ClInclude Include="GameObjectBase.h">
      <Filter>Header Files</Filter>
    </ClInclude>
    <ClInclude Include="GameActorBase.h">
      <Filter>Header Files</Filter>
    </ClInclude>
    <ClInclude Include="GameActorState.h">
      <Filter>Header Files</Filter>
    </ClInclude>
    <ClInclude Include="HealthBar.h">
      <Filter>Header Files</Filter>
    </ClInclude>
    <ClInclude Include="GameObjectPowerup.h">
      <Filter>Header Files</Filter>
    </ClInclude>
    <ClInclude Include="AudioManager.h">
      <Filter>Header Files</Filter>
    </ClInclude>
    <ClInclude Include="SoundManager.h">
      <Filter>Header Files</Filter>
    </ClInclude>
    <ClInclude Include="GameActorEnemy.h">
      <Filter>Header Files</Filter>
    </ClInclude>
    <ClInclude Include="Config.h">
      <Filter>Header Files</Filter>
    </ClInclude>
    <ClInclude Include="GameMessageSystem.h">
      <Filter>Header Files</Filter>
    </ClInclude>
    <ClInclude Include="GameEngineState.h">
      <Filter>Header Files</Filter>
    </ClInclude>
    <ClInclude Include="resource.h">
      <Filter>Header Files</Filter>
    </ClInclude>
    <ClInclude Include="resource1.h">
      <Filter>Header Files</Filter>
    </ClInclude>
  </ItemGroup>
  <ItemGroup>
    <ClCompile Include="Animation.cpp">
      <Filter>Source Files</Filter>
    </ClCompile>
    <ClCompile Include="GameEngine.cpp">
      <Filter>Source Files</Filter>
    </ClCompile>
    <ClCompile Include="GameObjectWall.cpp">
      <Filter>Source Files</Filter>
    </ClCompile>
    <ClCompile Include="main.cpp">
      <Filter>Source Files</Filter>
    </ClCompile>
    <ClCompile Include="Player.cpp">
      <Filter>Source Files</Filter>
    </ClCompile>
    <ClCompile Include="PlayerState.cpp">
      <Filter>Source Files</Filter>
    </ClCompile>
    <ClCompile Include="Scenery.cpp">
      <Filter>Source Files</Filter>
    </ClCompile>
    <ClCompile Include="TextureManager.cpp">
      <Filter>Source Files</Filter>
    </ClCompile>
    <ClCompile Include="Utility.cpp">
      <Filter>Source Files</Filter>
    </ClCompile>
    <ClCompile Include="ColliderComponent.cpp">
      <Filter>Source Files</Filter>
    </ClCompile>
    <ClCompile Include="GameObjectBase.cpp">
      <Filter>Source Files</Filter>
    </ClCompile>
    <ClCompile Include="GameActorBase.cpp">
      <Filter>Source Files</Filter>
    </ClCompile>
    <ClCompile Include="GameActorState.cpp">
      <Filter>Source Files</Filter>
    </ClCompile>
    <ClCompile Include="HealthBar.cpp">
      <Filter>Source Files</Filter>
    </ClCompile>
    <ClCompile Include="AudioManager.cpp">
      <Filter>Source Files</Filter>
    </ClCompile>
    <ClCompile Include="SoundManager.cpp">
      <Filter>Source Files</Filter>
    </ClCompile>
    <ClCompile Include="GameActorEnemy.cpp">
      <Filter>Source Files</Filter>
    </ClCompile>
    <ClCompile Include="Config.cpp">
      <Filter>Source Files</Filter>
    </ClCompile>
    <ClCompile Include="GameMessageSystem.cpp">
      <Filter>Source Files</Filter>
    </ClCompile>
    <ClCompile Include="GameEngineState.cpp">
      <Filter>Source Files</Filter>
    </ClCompile>
  </ItemGroup>
  <ItemGroup>
    <Text Include="patch notes.txt">
      <Filter>Resource Files</Filter>
    </Text>
    <Text Include="readme.md">
      <Filter>Resource Files</Filter>
    </Text>
  </ItemGroup>
  <ItemGroup>
    <Image Include="assets\graphics\background.png">
      <Filter>graphics</Filter>
    </Image>
    <Image Include="assets\graphics\backgroundEmpty.png">
      <Filter>graphics</Filter>
    </Image>
    <Image Include="assets\graphics\character_cat_ducking_spritesheet.png">
      <Filter>graphics</Filter>
    </Image>
    <Image Include="assets\graphics\character_cat_dying_spritesheet.png">
      <Filter>graphics</Filter>
    </Image>
    <Image Include="assets\graphics\character_cat_falling_spritesheet.png">
      <Filter>graphics</Filter>
    </Image>
    <Image Include="assets\graphics\character_cat_hurting_spritesheet.png">
      <Filter>graphics</Filter>
    </Image>
    <Image Include="assets\graphics\character_cat_jumping_spritesheet.png">
      <Filter>graphics</Filter>
    </Image>
    <Image Include="assets\graphics\character_cat_moving_spritesheet.png">
      <Filter>graphics</Filter>
    </Image>
    <Image Include="assets\graphics\character_cat_standing_spritesheet.png">
      <Filter>graphics</Filter>
    </Image>
    <Image Include="assets\graphics\character_cat_walking_spritesheet.png">
      <Filter>graphics</Filter>
    </Image>
    <Image Include="assets\graphics\character_reaper_attacking_spritesheet.png">
      <Filter>graphics</Filter>
    </Image>
    <Image Include="assets\graphics\character_reaper_dying_spritesheet.png">
      <Filter>graphics</Filter>
    </Image>
    <Image Include="assets\graphics\character_reaper_falling_spritesheet.png">
      <Filter>graphics</Filter>
    </Image>
    <Image Include="assets\graphics\character_reaper_hurting_spritesheet.png">
      <Filter>graphics</Filter>
    </Image>
    <Image Include="assets\graphics\character_reaper_jumping_spritesheet.png">
      <Filter>graphics</Filter>
    </Image>
    <Image Include="assets\graphics\character_reaper_standing_spritesheet.png">
      <Filter>graphics</Filter>
    </Image>
    <Image Include="assets\graphics\character_reaper_walking_spritesheet.png">
      <Filter>graphics</Filter>
    </Image>
    <Image Include="assets\graphics\coin.png">
      <Filter>graphics</Filter>
    </Image>
    <Image Include="assets\graphics\door.png">
      <Filter>graphics</Filter>
    </Image>
    <Image Include="assets\graphics\door_open.png">
      <Filter>graphics</Filter>
    </Image>
    <Image Include="assets\graphics\heart.png">
      <Filter>graphics</Filter>
    </Image>
    <Image Include="assets\graphics\heart_empty.png">
      <Filter>graphics</Filter>
    </Image>
    <Image Include="assets\graphics\platformerPack_character.png">
      <Filter>graphics</Filter>
    </Image>
    <Image Include="assets\graphics\platformPack_tilesheet.png">
      <Filter>graphics</Filter>
    </Image>
    <Image Include="assets\graphics\ribbon.png">
      <Filter>graphics</Filter>
    </Image>
    <Image Include="assets\graphics\ribbon_message.png">
      <Filter>graphics</Filter>
    </Image>
    <Image Include="assets\graphics\ribbon_star.png">
      <Filter>graphics</Filter>
    </Image>
    <Image Include="assets\graphics\rune.png">
      <Filter>graphics</Filter>
    </Image>
    <Image Include="assets\graphics\star.png">
      <Filter>graphics</Filter>
    </Image>
    <Image Include="assets\graphics\star_small.png">
      <Filter>graphics</Filter>
    </Image>
    <Image Include="assets\graphics\tile.png">
      <Filter>graphics</Filter>
    </Image>
  </ItemGroup>
  <ItemGroup>
    <None Include="assets\sounds\cat_jumping.ogg">
      <Filter>sounds</Filter>
    </None>
    <None Include="assets\sounds\powerup_coin.ogg">
      <Filter>sounds</Filter>
    </None>
    <None Include="assets\sounds\powerup_coin2.ogg">
      <Filter>sounds</Filter>
    </None>
    <None Include="assets\sounds\powerup_rune.ogg">
      <Filter>sounds</Filter>
    </None>
  </ItemGroup>
  <ItemGroup>
    <Font Include="assets\Roboto-Bold.ttf">
      <Filter>Resource Files</Filter>
    </Font>
    <Font Include="assets\stencil.ttf">
      <Filter>Resource Files</Filter>
    </Font>
  </ItemGroup>
</Project>